Microsoft Visual Studio Solution File, Format Version 12.00
# Visual Studio Version 17
VisualStudioVersion = 17.5.2.0
MinimumVisualStudioVersion = 10.0.40219.1
Project("{2150E333-8FDC-42A3-9474-1A3956D46DE8}") = "webserver", "webserver", "{E4391095-2E9A-7DD2-F9B2-D4F85C528A50}"
EndProject
Project("{2150E333-8FDC-42A3-9474-1A3956D46DE8}") = "@", "@", "{BE039318-72EF-D2ED-61B9-FCC4C2034C8B}"
EndProject
Project("{FAE04EC0-301F-11D3-BF4B-00C04F79EFBC}") = "api", "webserver\@\api\api.csproj", "{A87CD841-5A0B-529C-AF2A-597CA19C754C}"
EndProject
Global
	GlobalSection(SolutionConfigurationPlatforms) = preSolution
		Debug|Any CPU = Debug|Any CPU
		Release|Any CPU = Release|Any CPU
	EndGlobalSection
	GlobalSection(ProjectConfigurationPlatforms) = postSolution
		{A87CD841-5A0B-529C-AF2A-597CA19C754C}.Debug|Any CPU.ActiveCfg = Debug|Any CPU
		{A87CD841-5A0B-529C-AF2A-597CA19C754C}.Debug|Any CPU.Build.0 = Debug|Any CPU
		{A87CD841-5A0B-529C-AF2A-597CA19C754C}.Release|Any CPU.ActiveCfg = Release|Any CPU
		{A87CD841-5A0B-529C-AF2A-597CA19C754C}.Release|Any CPU.Build.0 = Release|Any CPU
	EndGlobalSection
	GlobalSection(SolutionProperties) = preSolution
		HideSolutionNode = FALSE
	EndGlobalSection
	GlobalSection(NestedProjects) = preSolution
		{BE039318-72EF-D2ED-61B9-FCC4C2034C8B} = {E4391095-2E9A-7DD2-F9B2-D4F85C528A50}
		{A87CD841-5A0B-529C-AF2A-597CA19C754C} = {BE039318-72EF-D2ED-61B9-FCC4C2034C8B}
	EndGlobalSection
	GlobalSection(ExtensibilityGlobals) = postSolution
		SolutionGuid = {2EB9F1E7-AB34-40B1-9AB2-406DF4D5DC35}
	EndGlobalSection
EndGlobal
